
Microsoft Visual Studio Solution File, Format Version 12.00
# Visual Studio Version 17
VisualStudioVersion = 17.0.31912.275
MinimumVisualStudioVersion = 10.0.40219.1
Project("{FAE04EC0-301F-11D3-BF4B-00C04F79EFBC}") = "StaticExercise", "StaticExercise\StaticExercise.csproj", "{1947D0AF-F03F-468E-B3B4-E2AA8DAD6A37}"
EndProject
Global
	GlobalSection(SolutionConfigurationPlatforms) = preSolution
		Debug|Any CPU = Debug|Any CPU
		Release|Any CPU = Release|Any CPU
	EndGlobalSection
	GlobalSection(ProjectConfigurationPlatforms) = postSolution
		{1947D0AF-F03F-468E-B3B4-E2AA8DAD6A37}.Debug|Any CPU.ActiveCfg = Debug|Any CPU
		{1947D0AF-F03F-468E-B3B4-E2AA8DAD6A37}.Debug|Any CPU.Build.0 = Debug|Any CPU
		{1947D0AF-F03F-468E-B3B4-E2AA8DAD6A37}.Release|Any CPU.ActiveCfg = Release|Any CPU
		{1947D0AF-F03F-468E-B3B4-E2AA8DAD6A37}.Release|Any CPU.Build.0 = Release|Any CPU
	EndGlobalSection
	GlobalSection(SolutionProperties) = preSolution
		HideSolutionNode = FALSE
	EndGlobalSection
	GlobalSection(ExtensibilityGlobals) = postSolution
		SolutionGuid = {E73228F5-DC6D-43AB-B88C-817A4B1F468E}
	EndGlobalSection
EndGlobal
